// !$*UTF8*$!
{
	archiveVersion = 1;
	classes = {
	};
	objectVersion = 46;
	objects = {

/* Begin PBXBuildFile section */
		CB95F3D71BB13DB400648CE7 /* main.m in Sources */ = {isa = PBXBuildFile; fileRef = CB95F3D61BB13DB400648CE7 /* main.m */; };
		CB95F3DA1BB13DB400648CE7 /* AppDelegate.m in Sources */ = {isa = PBXBuildFile; fileRef = CB95F3D91BB13DB400648CE7 /* AppDelegate.m */; };
		CB95F3DD1BB13DB400648CE7 /* ViewController.m in Sources */ = {isa = PBXBuildFile; fileRef = CB95F3DC1BB13DB400648CE7 /* ViewController.m */; };
		CB95F3E21BB13DB400648CE7 /* Images.xcassets in Resources */ = {isa = PBXBuildFile; fileRef = CB95F3E11BB13DB400648CE7 /* Images.xcassets */; };
		CB95F3E51BB13DB400648CE7 /* LaunchScreen.xib in Resources */ = {isa = PBXBuildFile; fileRef = CB95F3E31BB13DB400648CE7 /* LaunchScreen.xib */; };
		CB95F3F11BB13DB500648CE7 /* LZTableView01Tests.m in Sources */ = {isa = PBXBuildFile; fileRef = CB95F3F01BB13DB500648CE7 /* LZTableView01Tests.m */; };
/* End PBXBuildFile section */

/* Begin PBXContainerItemProxy section */
		CB95F3EB1BB13DB500648CE7 /* PBXContainerItemProxy */ = {
			isa = PBXContainerItemProxy;
			containerPortal = CB95F3C91BB13DB400648CE7 /* Project object */;
			proxyType = 1;
			remoteGlobalIDString = CB95F3D01BB13DB400648CE7;
			remoteInfo = LZTableView01;
		};
/* End PBXContainerItemProxy section */

/* Begin PBXFileReference section */
		CB95F3D11BB13DB400648CE7 /* LZTableView01.app */ = {isa = PBXFileReference; explicitFileType = wrapper.application; includeInIndex = 0; path = LZTableView01.app; sourceTree = BUILT_PRODUCTS_DIR; };
		CB95F3D51BB13DB400648CE7 /* Info.plist */ = {isa = PBXFileReference; lastKnownFileType = text.plist.xml; path = Info.plist; sourceTree = "<group>"; };
		CB95F3D61BB13DB400648CE7 /* main.m */ = {isa = PBXFileReference; lastKnownFileType = sourcecode.c.objc; path = main.m; sourceTree = "<group>"; };
		CB95F3D81BB13DB400648CE7 /* AppDelegate.h */ = {isa = PBXFileReference; lastKnownFileType = sourcecode.c.h; path = AppDelegate.h; sourceTree = "<group>"; };
		CB95F3D91BB13DB400648CE7 /* AppDelegate.m */ = {isa = PBXFileReference; lastKnownFileType = sourcecode.c.objc; path = AppDelegate.m; sourceTree = "<group>"; };
		CB95F3DB1BB13DB400648CE7 /* ViewController.h */ = {isa = PBXFileReference; lastKnownFileType = sourcecode.c.h; path = ViewController.h; sourceTree = "<group>"; };
		CB95F3DC1BB13DB400648CE7 /* ViewController.m */ = {isa = PBXFileReference; lastKnownFileType = sourcecode.c.objc; path = ViewController.m; sourceTree = "<group>"; };
		CB95F3E11BB13DB400648CE7 /* Images.xcassets */ = {isa = PBXFileReference; lastKnownFileType = folder.assetcatalog; path = Images.xcassets; sourceTree = "<group>"; };
		CB95F3E41BB13DB400648CE7 /* Base */ = {isa = PBXFileReference; lastKnownFileType = file.xib; name = Base; path = Base.lproj/LaunchScreen.xib; sourceTree = "<group>"; };
		CB95F3EA1BB13DB500648CE7 /* LZTableView01Tests.xctest */ = {isa = PBXFileReference; explicitFileType = wrapper.cfbundle; includeInIndex = 0; path = LZTableView01Tests.xctest; sourceTree = BUILT_PRODUCTS_DIR; };
		CB95F3EF1BB13DB500648CE7 /* Info.plist */ = {isa = PBXFileReference; lastKnownFileType = text.plist.xml; path = Info.plist; sourceTree = "<group>"; };
		CB95F3F01BB13DB500648CE7 /* LZTableView01Tests.m */ = {isa = PBXFileReference; lastKnownFileType = sourcecode.c.objc; path = LZTableView01Tests.m; sourceTree = "<group>"; };
		CBAC7C541BB1D32E00430342 /* Reveal.framework */ = {isa = PBXFileReference; lastKnownFileType = wrapper.framework; path = Reveal.framework; sourceTree = "<group>"; };
/* End PBXFileReference section */

/* Begin PBXFrameworksBuildPhase section */
		CB95F3CE1BB13DB400648CE7 /* Frameworks */ = {
			isa = PBXFrameworksBuildPhase;
			buildActionMask = 2147483647;
			files = (
			);
			runOnlyForDeploymentPostprocessing = 0;
		};
		CB95F3E71BB13DB500648CE7 /* Frameworks */ = {
			isa = PBXFrameworksBuildPhase;
			buildActionMask = 2147483647;
			files = (
			);
			runOnlyForDeploymentPostprocessing = 0;
		};
/* End PBXFrameworksBuildPhase section */

/* Begin PBXGroup section */
		CB95F3C81BB13DB400648CE7 = {
			isa = PBXGroup;
			children = (
				CB95F3D31BB13DB400648CE7 /* LZTableView01 */,
				CB95F3ED1BB13DB500648CE7 /* LZTableView01Tests */,
				CB95F3D21BB13DB400648CE7 /* Products */,
			);
			sourceTree = "<group>";
		};
		CB95F3D21BB13DB400648CE7 /* Products */ = {
			isa = PBXGroup;
			children = (
				CB95F3D11BB13DB400648CE7 /* LZTableView01.app */,
				CB95F3EA1BB13DB500648CE7 /* LZTableView01Tests.xctest */,
			);
			name = Products;
			sourceTree = "<group>";
		};
		CB95F3D31BB13DB400648CE7 /* LZTableView01 */ = {
			isa = PBXGroup;
			children = (
				CBAC7C541BB1D32E00430342 /* Reveal.framework */,
				CB95F3D81BB13DB400648CE7 /* AppDelegate.h */,
				CB95F3D91BB13DB400648CE7 /* AppDelegate.m */,
				CB95F3DB1BB13DB400648CE7 /* ViewController.h */,
				CB95F3DC1BB13DB400648CE7 /* ViewController.m */,
				CB95F3E11BB13DB400648CE7 /* Images.xcassets */,
				CB95F3E31BB13DB400648CE7 /* LaunchScreen.xib */,
				CB95F3D41BB13DB400648CE7 /* Supporting Files */,
			);
			path = LZTableView01;
			sourceTree = "<group>";
		};
		CB95F3D41BB13DB400648CE7 /* Supporting Files */ = {
			isa = PBXGroup;
			children = (
				CB95F3D51BB13DB400648CE7 /* Info.plist */,
				CB95F3D61BB13DB400648CE7 /* main.m */,
			);
			name = "Supporting Files";
			sourceTree = "<group>";
		};
		CB95F3ED1BB13DB500648CE7 /* LZTableView01Tests */ = {
			isa = PBXGroup;
			children = (
				CB95F3F01BB13DB500648CE7 /* LZTableView01Tests.m */,
				CB95F3EE1BB13DB500648CE7 /* Supporting Files */,
			);
			path = LZTableView01Tests;
			sourceTree = "<group>";
		};
		CB95F3EE1BB13DB500648CE7 /* Supporting Files */ = {
			isa = PBXGroup;
			children = (
				CB95F3EF1BB13DB500648CE7 /* Info.plist */,
			);
			name = "Supporting Files";
			sourceTree = "<group>";
		};
/* End PBXGroup section */

/* Begin PBXNativeTarget section */
		CB95F3D01BB13DB400648CE7 /* LZTableView01 */ = {
			isa = PBXNativeTarget;
			buildConfigurationList = CB95F3F41BB13DB500648CE7 /* Build configuration list for PBXNativeTarget "LZTableView01" */;
			buildPhases = (
				CB95F3CD1BB13DB400648CE7 /* Sources */,
				CB95F3CE1BB13DB400648CE7 /* Frameworks */,
				CB95F3CF1BB13DB400648CE7 /* Resources */,
			);
			buildRules = (
			);
			dependencies = (
			);
			name = LZTableView01;
			productName = LZTableView01;
			productReference = CB95F3D11BB13DB400648CE7 /* LZTableView01.app */;
			productType = "com.apple.product-type.application";
		};
		CB95F3E91BB13DB500648CE7 /* LZTableView01Tests */ = {
			isa = PBXNativeTarget;
			buildConfigurationList = CB95F3F71BB13DB500648CE7 /* Build configuration list for PBXNativeTarget "LZTableView01Tests" */;
			buildPhases = (
				CB95F3E61BB13DB500648CE7 /* Sources */,
				CB95F3E71BB13DB500648CE7 /* Frameworks */,
				CB95F3E81BB13DB500648CE7 /* Resources */,
			);
			buildRules = (
			);
			dependencies = (
				CB95F3EC1BB13DB500648CE7 /* PBXTargetDependency */,
			);
			name = LZTableView01Tests;
			productName = LZTableView01Tests;
			productReference = CB95F3EA1BB13DB500648CE7 /* LZTableView01Tests.xctest */;
			productType = "com.apple.product-type.bundle.unit-test";
		};
/* End PBXNativeTarget section */

/* Begin PBXProject section */
		CB95F3C91BB13DB400648CE7 /* Project object */ = {
			isa = PBXProject;
			attributes = {
				LastUpgradeCheck = 0630;
				ORGANIZATIONNAME = com.comst1314;
				TargetAttributes = {
					CB95F3D01BB13DB400648CE7 = {
						CreatedOnToolsVersion = 6.3.2;
					};
					CB95F3E91BB13DB500648CE7 = {
						CreatedOnToolsVersion = 6.3.2;
						TestTargetID = CB95F3D01BB13DB400648CE7;
					};
				};
			};
			buildConfigurationList = CB95F3CC1BB13DB400648CE7 /* Build configuration list for PBXProject "LZTableView01" */;
			compatibilityVersion = "Xcode 3.2";
			developmentRegion = English;
			hasScannedForEncodings = 0;
			knownRegions = (
				en,
				Base,
			);
			mainGroup = CB95F3C81BB13DB400648CE7;
			productRefGroup = CB95F3D21BB13DB400648CE7 /* Products */;
			projectDirPath = "";
			projectRoot = "";
			targets = (
				CB95F3D01BB13DB400648CE7 /* LZTableView01 */,
				CB95F3E91BB13DB500648CE7 /* LZTableView01Tests */,
			);
		};
/* End PBXProject section */

/* Begin PBXResourcesBuildPhase section */
		CB95F3CF1BB13DB400648CE7 /* Resources */ = {
			isa = PBXResourcesBuildPhase;
			buildActionMask = 2147483647;
			files = (
				CB95F3E51BB13DB400648CE7 /* LaunchScreen.xib in Resources */,
				CB95F3E21BB13DB400648CE7 /* Images.xcassets in Resources */,
			);
			runOnlyForDeploymentPostprocessing = 0;
		};
		CB95F3E81BB13DB500648CE7 /* Resources */ = {
			isa = PBXResourcesBuildPhase;
			buildActionMask = 2147483647;
			files = (
			);
			runOnlyForDeploymentPostprocessing = 0;
		};
/* End PBXResourcesBuildPhase section */

/* Begin PBXSourcesBuildPhase section */
		CB95F3CD1BB13DB400648CE7 /* Sources */ = {
			isa = PBXSourcesBuildPhase;
			buildActionMask = 2147483647;
			files = (
				CB95F3DD1BB13DB400648CE7 /* ViewController.m in Sources */,
				CB95F3DA1BB13DB400648CE7 /* AppDelegate.m in Sources */,
				CB95F3D71BB13DB400648CE7 /* main.m in Sources */,
			);
			runOnlyForDeploymentPostprocessing = 0;
		};
		CB95F3E61BB13DB500648CE7 /* Sources */ = {
			isa = PBXSourcesBuildPhase;
			buildActionMask = 2147483647;
			files = (
				CB95F3F11BB13DB500648CE7 /* LZTableView01Tests.m in Sources */,
			);
			runOnlyForDeploymentPostprocessing = 0;
		};
/* End PBXSourcesBuildPhase section */

/* Begin PBXTargetDependency section */
		CB95F3EC1BB13DB500648CE7 /* PBXTargetDependency */ = {
			isa = PBXTargetDependency;
			target = CB95F3D01BB13DB400648CE7 /* LZTableView01 */;
			targetProxy = CB95F3EB1BB13DB500648CE7 /* PBXContainerItemProxy */;
		};
/* End PBXTargetDependency section */

/* Begin PBXVariantGroup section */
		CB95F3E31BB13DB400648CE7 /* LaunchScreen.xib */ = {
			isa = PBXVariantGroup;
			children = (
				CB95F3E41BB13DB400648CE7 /* Base */,
			);
			name = LaunchScreen.xib;
			sourceTree = "<group>";
		};
/* End PBXVariantGroup section */

/* Begin XCBuildConfiguration section */
		CB95F3F21BB13DB500648CE7 /* Debug */ = {
			isa = XCBuildConfiguration;
			buildSettings = {
				ALWAYS_SEARCH_USER_PATHS = NO;
				CLANG_CXX_LANGUAGE_STANDARD = "gnu++0x";
				CLANG_CXX_LIBRARY = "libc++";
				CLANG_ENABLE_MODULES = YES;
				CLANG_ENABLE_OBJC_ARC = YES;
				CLANG_WARN_BOOL_CONVERSION = YES;
				CLANG_WARN_CONSTANT_CONVERSION = YES;
				CLANG_WARN_DIRECT_OBJC_ISA_USAGE = YES_ERROR;
				CLANG_WARN_EMPTY_BODY = YES;
				CLANG_WARN_ENUM_CONVERSION = YES;
				CLANG_WARN_INT_CONVERSION = YES;
				CLANG_WARN_OBJC_ROOT_CLASS = YES_ERROR;
				CLANG_WARN_UNREACHABLE_CODE = YES;
				CLANG_WARN__DUPLICATE_METHOD_MATCH = YES;
				"CODE_SIGN_IDENTITY[sdk=iphoneos*]" = "iPhone Developer";
				COPY_PHASE_STRIP = NO;
				DEBUG_INFORMATION_FORMAT = "dwarf-with-dsym";
				ENABLE_STRICT_OBJC_MSGSEND = YES;
				GCC_C_LANGUAGE_STANDARD = gnu99;
				GCC_DYNAMIC_NO_PIC = NO;
				GCC_NO_COMMON_BLOCKS = YES;
				GCC_OPTIMIZATION_LEVEL = 0;
				GCC_PREPROCESSOR_DEFINITIONS = (
					"DEBUG=1",
					"$(inherited)",
				);
				GCC_SYMBOLS_PRIVATE_EXTERN = NO;
				GCC_WARN_64_TO_32_BIT_CONVERSION = YES;
				GCC_WARN_ABOUT_RETURN_TYPE = YES_ERROR;
				GCC_WARN_UNDECLARED_SELECTOR = YES;
				GCC_WARN_UNINITIALIZED_AUTOS = YES_AGGRESSIVE;
				GCC_WARN_UNUSED_FUNCTION = YES;
				GCC_WARN_UNUSED_VARIABLE = YES;
				IPHONEOS_DEPLOYMENT_TARGET = 8.3;
				MTL_ENABLE_DEBUG_INFO = YES;
				ONLY_ACTIVE_ARCH = YES;
				SDKROOT = iphoneos;
			};
			name = Debug;
		};
		CB95F3F31BB13DB500648CE7 /* Release */ = {
			isa = XCBuildConfiguration;
			buildSettings = {
				ALWAYS_SEARCH_USER_PATHS = NO;
				CLANG_CXX_LANGUAGE_STANDARD = "gnu++0x";
				CLANG_CXX_LIBRARY = "libc++";
				CLANG_ENABLE_MODULES = YES;
				CLANG_ENABLE_OBJC_ARC = YES;
				CLANG_WARN_BOOL_CONVERSION = YES;
				CLANG_WARN_CONSTANT_CONVERSION = YES;
				CLANG_WARN_DIRECT_OBJC_ISA_USAGE = YES_ERROR;
				CLANG_WARN_EMPTY_BODY = YES;
				CLANG_WARN_ENUM_CONVERSION = YES;
				CLANG_WARN_INT_CONVERSION = YES;
				CLANG_WARN_OBJC_ROOT_CLASS = YES_ERROR;
				CLANG_WARN_UNREACHABLE_CODE = YES;
				CLANG_WARN__DUPLICATE_METHOD_MATCH = YES;
				"CODE_SIGN_IDENTITY[sdk=iphoneos*]" = "iPhone Developer";
				COPY_PHASE_STRIP = NO;
				DEBUG_INFORMATION_FORMAT = "dwarf-with-dsym";
				ENABLE_NS_ASSERTIONS = NO;
				ENABLE_STRICT_OBJC_MSGSEND = YES;
				GCC_C_LANGUAGE_STANDARD = gnu99;
				GCC_NO_COMMON_BLOCKS = YES;
				GCC_WARN_64_TO_32_BIT_CONVERSION = YES;
				GCC_WARN_ABOUT_RETURN_TYPE = YES_ERROR;
				GCC_WARN_UNDECLARED_SELECTOR = YES;
				GCC_WARN_UNINITIALIZED_AUTOS = YES_AGGRESSIVE;
				GCC_WARN_UNUSED_FUNCTION = YES;
				GCC_WARN_UNUSED_VARIABLE = YES;
				IPHONEOS_DEPLOYMENT_TARGET = 8.3;
				MTL_ENABLE_DEBUG_INFO = NO;
				SDKROOT = iphoneos;
				VALIDATE_PRODUCT = YES;
			};
			name = Release;
		};
		CB95F3F51BB13DB500648CE7 /* Debug */ = {
			isa = XCBuildConfiguration;
			buildSettings = {
				ASSETCATALOG_COMPILER_APPICON_NAME = AppIcon;
				FRAMEWORK_SEARCH_PATHS = (
					"$(inherited)",
					"$(PROJECT_DIR)/LZTableView01",
				);
				INFOPLIST_FILE = LZTableView01/Info.plist;
				LD_RUNPATH_SEARCH_PATHS = "$(inherited) @executable_path/Frameworks";
				"OTHER_LDFLAGS[arch=*]" = (
					"-ObjC",
					"-lz",
					"-framework",
					Reveal,
				);
				PRODUCT_NAME = "$(TARGET_NAME)";
			};
			name = Debug;
		};
		CB95F3F61BB13DB500648CE7 /* Release */ = {
			isa = XCBuildConfiguration;
			buildSettings = {
				ASSETCATALOG_COMPILER_APPICON_NAME = AppIcon;
				FRAMEWORK_SEARCH_PATHS = (
					"$(inherited)",
					"$(PROJECT_DIR)/LZTableView01",
				);
				INFOPLIST_FILE = LZTableView01/Info.plist;
				LD_RUNPATH_SEARCH_PATHS = "$(inherited) @executable_path/Frameworks";
				PRODUCT_NAME = "$(TARGET_NAME)";
			};
			name = Release;
		};
		CB95F3F81BB13DB500648CE7 /* Debug */ = {
			isa = XCBuildConfiguration;
			buildSettings = {
				BUNDLE_LOADER = "$(TEST_HOST)";
				FRAMEWORK_SEARCH_PATHS = (
					"$(SDKROOT)/Developer/Library/Frameworks",
					"$(inherited)",
				);
				GCC_PREPROCESSOR_DEFINITIONS = (
					"DEBUG=1",
					"$(inherited)",
				);
				INFOPLIST_FILE = LZTableView01Tests/Info.plist;
				LD_RUNPATH_SEARCH_PATHS = "$(inherited) @executable_path/Frameworks @loader_path/Frameworks";
				PRODUCT_NAME = "$(TARGET_NAME)";
				TEST_HOST = "$(BUILT_PRODUCTS_DIR)/LZTableView01.app/LZTableView01";
			};
			name = Debug;
		};
		CB95F3F91BB13DB500648CE7 /* Release */ = {
			isa = XCBuildConfiguration;
			buildSettings = {
				BUNDLE_LOADER = "$(TEST_HOST)";
				FRAMEWORK_SEARCH_PATHS = (
					"$(SDKROOT)/Developer/Library/Frameworks",
					"$(inherited)",
				);
				INFOPLIST_FILE = LZTableView01Tests/Info.plist;
				LD_RUNPATH_SEARCH_PATHS = "$(inherited) @executable_path/Frameworks @loader_path/Frameworks";
				PRODUCT_NAME = "$(TARGET_NAME)";
				TEST_HOST = "$(BUILT_PRODUCTS_DIR)/LZTableView01.app/LZTableView01";
			};
			name = Release;
		};
/* End XCBuildConfiguration section */

/* Begin XCConfigurationList section */
		CB95F3CC1BB13DB400648CE7 /* Build configuration list for PBXProject "LZTableView01" */ = {
			isa = XCConfigurationList;
			buildConfigurations = (
				CB95F3F21BB13DB500648CE7 /* Debug */,
				CB95F3F31BB13DB500648CE7 /* Release */,
			);
			defaultConfigurationIsVisible = 0;
			defaultConfigurationName = Release;
		};
		CB95F3F41BB13DB500648CE7 /* Build configuration list for PBXNativeTarget "LZTableView01" */ = {
			isa = XCConfigurationList;
			buildConfigurations = (
				CB95F3F51BB13DB500648CE7 /* Debug */,
				CB95F3F61BB13DB500648CE7 /* Release */,
			);
			defaultConfigurationIsVisible = 0;
			defaultConfigurationName = Release;
		};
		CB95F3F71BB13DB500648CE7 /* Build configuration list for PBXNativeTarget "LZTableView01Tests" */ = {
			isa = XCConfigurationList;
			buildConfigurations = (
				CB95F3F81BB13DB500648CE7 /* Debug */,
				CB95F3F91BB13DB500648CE7 /* Release */,
			);
			defaultConfigurationIsVisible = 0;
			defaultConfigurationName = Release;
		};
/* End XCConfigurationList section */
	};
	rootObject = CB95F3C91BB13DB400648CE7 /* Project object */;
}
