// !$*UTF8*$!
{
	archiveVersion = 1;
	classes = {
	};
	objectVersion = 46;
	objects = {

/* Begin PBXBuildFile section */
		CB9482401BB2A6C10038FD23 /* cheng.png in Resources */ = {isa = PBXBuildFile; fileRef = CB9482361BB2A6C10038FD23 /* cheng.png */; };
		CB9482411BB2A6C10038FD23 /* headImage1.png in Resources */ = {isa = PBXBuildFile; fileRef = CB9482371BB2A6C10038FD23 /* headImage1.png */; };
		CB9482421BB2A6C10038FD23 /* headImage2.png in Resources */ = {isa = PBXBuildFile; fileRef = CB9482381BB2A6C10038FD23 /* headImage2.png */; };
		CB9482431BB2A6C10038FD23 /* headImage3.png in Resources */ = {isa = PBXBuildFile; fileRef = CB9482391BB2A6C10038FD23 /* headImage3.png */; };
		CB9482441BB2A6C10038FD23 /* headImage4.png in Resources */ = {isa = PBXBuildFile; fileRef = CB94823A1BB2A6C10038FD23 /* headImage4.png */; };
		CB9482451BB2A6C10038FD23 /* headImage5.png in Resources */ = {isa = PBXBuildFile; fileRef = CB94823B1BB2A6C10038FD23 /* headImage5.png */; };
		CB9482461BB2A6C10038FD23 /* jobs.png in Resources */ = {isa = PBXBuildFile; fileRef = CB94823C1BB2A6C10038FD23 /* jobs.png */; };
		CB9482471BB2A6C10038FD23 /* li.png in Resources */ = {isa = PBXBuildFile; fileRef = CB94823D1BB2A6C10038FD23 /* li.png */; };
		CB9482481BB2A6C10038FD23 /* zhao.png in Resources */ = {isa = PBXBuildFile; fileRef = CB94823E1BB2A6C10038FD23 /* zhao.png */; };
		CB9482491BB2A6C10038FD23 /* zhen.png in Resources */ = {isa = PBXBuildFile; fileRef = CB94823F1BB2A6C10038FD23 /* zhen.png */; };
		CB94824C1BB2B51A0038FD23 /* LZMessageCell.m in Sources */ = {isa = PBXBuildFile; fileRef = CB94824B1BB2B51A0038FD23 /* LZMessageCell.m */; };
		CBAC7C661BB202E600430342 /* main.m in Sources */ = {isa = PBXBuildFile; fileRef = CBAC7C651BB202E600430342 /* main.m */; };
		CBAC7C691BB202E600430342 /* AppDelegate.m in Sources */ = {isa = PBXBuildFile; fileRef = CBAC7C681BB202E600430342 /* AppDelegate.m */; };
		CBAC7C6C1BB202E600430342 /* ViewController.m in Sources */ = {isa = PBXBuildFile; fileRef = CBAC7C6B1BB202E600430342 /* ViewController.m */; };
		CBAC7C6F1BB202E600430342 /* Main.storyboard in Resources */ = {isa = PBXBuildFile; fileRef = CBAC7C6D1BB202E600430342 /* Main.storyboard */; };
		CBAC7C711BB202E600430342 /* Images.xcassets in Resources */ = {isa = PBXBuildFile; fileRef = CBAC7C701BB202E600430342 /* Images.xcassets */; };
		CBAC7C741BB202E600430342 /* LaunchScreen.xib in Resources */ = {isa = PBXBuildFile; fileRef = CBAC7C721BB202E600430342 /* LaunchScreen.xib */; };
		CBAC7C801BB202E600430342 /* LZtableview02Tests.m in Sources */ = {isa = PBXBuildFile; fileRef = CBAC7C7F1BB202E600430342 /* LZtableview02Tests.m */; };
		CBAC7C8B1BB2060100430342 /* LZUserAccount.m in Sources */ = {isa = PBXBuildFile; fileRef = CBAC7C8A1BB2060100430342 /* LZUserAccount.m */; };
		CBAC7C8E1BB2079600430342 /* LZMessage.m in Sources */ = {isa = PBXBuildFile; fileRef = CBAC7C8D1BB2079600430342 /* LZMessage.m */; };
/* End PBXBuildFile section */

/* Begin PBXContainerItemProxy section */
		CBAC7C7A1BB202E600430342 /* PBXContainerItemProxy */ = {
			isa = PBXContainerItemProxy;
			containerPortal = CBAC7C581BB202E600430342 /* Project object */;
			proxyType = 1;
			remoteGlobalIDString = CBAC7C5F1BB202E600430342;
			remoteInfo = LZtableview02;
		};
/* End PBXContainerItemProxy section */

/* Begin PBXFileReference section */
		CB9482361BB2A6C10038FD23 /* cheng.png */ = {isa = PBXFileReference; lastKnownFileType = image.png; path = cheng.png; sourceTree = "<group>"; };
		CB9482371BB2A6C10038FD23 /* headImage1.png */ = {isa = PBXFileReference; lastKnownFileType = image.png; path = headImage1.png; sourceTree = "<group>"; };
		CB9482381BB2A6C10038FD23 /* headImage2.png */ = {isa = PBXFileReference; lastKnownFileType = image.png; path = headImage2.png; sourceTree = "<group>"; };
		CB9482391BB2A6C10038FD23 /* headImage3.png */ = {isa = PBXFileReference; lastKnownFileType = image.png; path = headImage3.png; sourceTree = "<group>"; };
		CB94823A1BB2A6C10038FD23 /* headImage4.png */ = {isa = PBXFileReference; lastKnownFileType = image.png; path = headImage4.png; sourceTree = "<group>"; };
		CB94823B1BB2A6C10038FD23 /* headImage5.png */ = {isa = PBXFileReference; lastKnownFileType = image.png; path = headImage5.png; sourceTree = "<group>"; };
		CB94823C1BB2A6C10038FD23 /* jobs.png */ = {isa = PBXFileReference; lastKnownFileType = image.png; path = jobs.png; sourceTree = "<group>"; };
		CB94823D1BB2A6C10038FD23 /* li.png */ = {isa = PBXFileReference; lastKnownFileType = image.png; path = li.png; sourceTree = "<group>"; };
		CB94823E1BB2A6C10038FD23 /* zhao.png */ = {isa = PBXFileReference; lastKnownFileType = image.png; path = zhao.png; sourceTree = "<group>"; };
		CB94823F1BB2A6C10038FD23 /* zhen.png */ = {isa = PBXFileReference; lastKnownFileType = image.png; path = zhen.png; sourceTree = "<group>"; };
		CB94824A1BB2B51A0038FD23 /* LZMessageCell.h */ = {isa = PBXFileReference; fileEncoding = 4; lastKnownFileType = sourcecode.c.h; path = LZMessageCell.h; sourceTree = "<group>"; };
		CB94824B1BB2B51A0038FD23 /* LZMessageCell.m */ = {isa = PBXFileReference; fileEncoding = 4; lastKnownFileType = sourcecode.c.objc; path = LZMessageCell.m; sourceTree = "<group>"; };
		CB94824D1BB2C00A0038FD23 /* Reveal.framework */ = {isa = PBXFileReference; lastKnownFileType = wrapper.framework; path = Reveal.framework; sourceTree = "<group>"; };
		CBAC7C601BB202E600430342 /* LZtableview02.app */ = {isa = PBXFileReference; explicitFileType = wrapper.application; includeInIndex = 0; path = LZtableview02.app; sourceTree = BUILT_PRODUCTS_DIR; };
		CBAC7C641BB202E600430342 /* Info.plist */ = {isa = PBXFileReference; lastKnownFileType = text.plist.xml; path = Info.plist; sourceTree = "<group>"; };
		CBAC7C651BB202E600430342 /* main.m */ = {isa = PBXFileReference; lastKnownFileType = sourcecode.c.objc; path = main.m; sourceTree = "<group>"; };
		CBAC7C671BB202E600430342 /* AppDelegate.h */ = {isa = PBXFileReference; lastKnownFileType = sourcecode.c.h; path = AppDelegate.h; sourceTree = "<group>"; };
		CBAC7C681BB202E600430342 /* AppDelegate.m */ = {isa = PBXFileReference; lastKnownFileType = sourcecode.c.objc; path = AppDelegate.m; sourceTree = "<group>"; };
		CBAC7C6A1BB202E600430342 /* ViewController.h */ = {isa = PBXFileReference; lastKnownFileType = sourcecode.c.h; path = ViewController.h; sourceTree = "<group>"; };
		CBAC7C6B1BB202E600430342 /* ViewController.m */ = {isa = PBXFileReference; lastKnownFileType = sourcecode.c.objc; path = ViewController.m; sourceTree = "<group>"; };
		CBAC7C6E1BB202E600430342 /* Base */ = {isa = PBXFileReference; lastKnownFileType = file.storyboard; name = Base; path = Base.lproj/Main.storyboard; sourceTree = "<group>"; };
		CBAC7C701BB202E600430342 /* Images.xcassets */ = {isa = PBXFileReference; lastKnownFileType = folder.assetcatalog; path = Images.xcassets; sourceTree = "<group>"; };
		CBAC7C731BB202E600430342 /* Base */ = {isa = PBXFileReference; lastKnownFileType = file.xib; name = Base; path = Base.lproj/LaunchScreen.xib; sourceTree = "<group>"; };
		CBAC7C791BB202E600430342 /* LZtableview02Tests.xctest */ = {isa = PBXFileReference; explicitFileType = wrapper.cfbundle; includeInIndex = 0; path = LZtableview02Tests.xctest; sourceTree = BUILT_PRODUCTS_DIR; };
		CBAC7C7E1BB202E600430342 /* Info.plist */ = {isa = PBXFileReference; lastKnownFileType = text.plist.xml; path = Info.plist; sourceTree = "<group>"; };
		CBAC7C7F1BB202E600430342 /* LZtableview02Tests.m */ = {isa = PBXFileReference; lastKnownFileType = sourcecode.c.objc; path = LZtableview02Tests.m; sourceTree = "<group>"; };
		CBAC7C891BB2060100430342 /* LZUserAccount.h */ = {isa = PBXFileReference; fileEncoding = 4; lastKnownFileType = sourcecode.c.h; path = LZUserAccount.h; sourceTree = "<group>"; };
		CBAC7C8A1BB2060100430342 /* LZUserAccount.m */ = {isa = PBXFileReference; fileEncoding = 4; lastKnownFileType = sourcecode.c.objc; path = LZUserAccount.m; sourceTree = "<group>"; };
		CBAC7C8C1BB2079600430342 /* LZMessage.h */ = {isa = PBXFileReference; fileEncoding = 4; lastKnownFileType = sourcecode.c.h; path = LZMessage.h; sourceTree = "<group>"; };
		CBAC7C8D1BB2079600430342 /* LZMessage.m */ = {isa = PBXFileReference; fileEncoding = 4; lastKnownFileType = sourcecode.c.objc; path = LZMessage.m; sourceTree = "<group>"; };
/* End PBXFileReference section */

/* Begin PBXFrameworksBuildPhase section */
		CBAC7C5D1BB202E600430342 /* Frameworks */ = {
			isa = PBXFrameworksBuildPhase;
			buildActionMask = 2147483647;
			files = (
			);
			runOnlyForDeploymentPostprocessing = 0;
		};
		CBAC7C761BB202E600430342 /* Frameworks */ = {
			isa = PBXFrameworksBuildPhase;
			buildActionMask = 2147483647;
			files = (
			);
			runOnlyForDeploymentPostprocessing = 0;
		};
/* End PBXFrameworksBuildPhase section */

/* Begin PBXGroup section */
		CB9482351BB2A6C10038FD23 /* images */ = {
			isa = PBXGroup;
			children = (
				CB9482361BB2A6C10038FD23 /* cheng.png */,
				CB9482371BB2A6C10038FD23 /* headImage1.png */,
				CB9482381BB2A6C10038FD23 /* headImage2.png */,
				CB9482391BB2A6C10038FD23 /* headImage3.png */,
				CB94823A1BB2A6C10038FD23 /* headImage4.png */,
				CB94823B1BB2A6C10038FD23 /* headImage5.png */,
				CB94823C1BB2A6C10038FD23 /* jobs.png */,
				CB94823D1BB2A6C10038FD23 /* li.png */,
				CB94823E1BB2A6C10038FD23 /* zhao.png */,
				CB94823F1BB2A6C10038FD23 /* zhen.png */,
			);
			path = images;
			sourceTree = "<group>";
		};
		CBAC7C571BB202E600430342 = {
			isa = PBXGroup;
			children = (
				CB94824D1BB2C00A0038FD23 /* Reveal.framework */,
				CBAC7C621BB202E600430342 /* LZtableview02 */,
				CBAC7C7C1BB202E600430342 /* LZtableview02Tests */,
				CBAC7C611BB202E600430342 /* Products */,
			);
			sourceTree = "<group>";
		};
		CBAC7C611BB202E600430342 /* Products */ = {
			isa = PBXGroup;
			children = (
				CBAC7C601BB202E600430342 /* LZtableview02.app */,
				CBAC7C791BB202E600430342 /* LZtableview02Tests.xctest */,
			);
			name = Products;
			sourceTree = "<group>";
		};
		CBAC7C621BB202E600430342 /* LZtableview02 */ = {
			isa = PBXGroup;
			children = (
				CB9482351BB2A6C10038FD23 /* images */,
				CBAC7C671BB202E600430342 /* AppDelegate.h */,
				CBAC7C681BB202E600430342 /* AppDelegate.m */,
				CBAC7C6A1BB202E600430342 /* ViewController.h */,
				CBAC7C6B1BB202E600430342 /* ViewController.m */,
				CBAC7C6D1BB202E600430342 /* Main.storyboard */,
				CBAC7C891BB2060100430342 /* LZUserAccount.h */,
				CBAC7C8A1BB2060100430342 /* LZUserAccount.m */,
				CBAC7C8C1BB2079600430342 /* LZMessage.h */,
				CB94824A1BB2B51A0038FD23 /* LZMessageCell.h */,
				CB94824B1BB2B51A0038FD23 /* LZMessageCell.m */,
				CBAC7C8D1BB2079600430342 /* LZMessage.m */,
				CBAC7C701BB202E600430342 /* Images.xcassets */,
				CBAC7C721BB202E600430342 /* LaunchScreen.xib */,
				CBAC7C631BB202E600430342 /* Supporting Files */,
			);
			path = LZtableview02;
			sourceTree = "<group>";
		};
		CBAC7C631BB202E600430342 /* Supporting Files */ = {
			isa = PBXGroup;
			children = (
				CBAC7C641BB202E600430342 /* Info.plist */,
				CBAC7C651BB202E600430342 /* main.m */,
			);
			name = "Supporting Files";
			sourceTree = "<group>";
		};
		CBAC7C7C1BB202E600430342 /* LZtableview02Tests */ = {
			isa = PBXGroup;
			children = (
				CBAC7C7F1BB202E600430342 /* LZtableview02Tests.m */,
				CBAC7C7D1BB202E600430342 /* Supporting Files */,
			);
			path = LZtableview02Tests;
			sourceTree = "<group>";
		};
		CBAC7C7D1BB202E600430342 /* Supporting Files */ = {
			isa = PBXGroup;
			children = (
				CBAC7C7E1BB202E600430342 /* Info.plist */,
			);
			name = "Supporting Files";
			sourceTree = "<group>";
		};
/* End PBXGroup section */

/* Begin PBXNativeTarget section */
		CBAC7C5F1BB202E600430342 /* LZtableview02 */ = {
			isa = PBXNativeTarget;
			buildConfigurationList = CBAC7C831BB202E600430342 /* Build configuration list for PBXNativeTarget "LZtableview02" */;
			buildPhases = (
				CBAC7C5C1BB202E600430342 /* Sources */,
				CBAC7C5D1BB202E600430342 /* Frameworks */,
				CBAC7C5E1BB202E600430342 /* Resources */,
			);
			buildRules = (
			);
			dependencies = (
			);
			name = LZtableview02;
			productName = LZtableview02;
			productReference = CBAC7C601BB202E600430342 /* LZtableview02.app */;
			productType = "com.apple.product-type.application";
		};
		CBAC7C781BB202E600430342 /* LZtableview02Tests */ = {
			isa = PBXNativeTarget;
			buildConfigurationList = CBAC7C861BB202E600430342 /* Build configuration list for PBXNativeTarget "LZtableview02Tests" */;
			buildPhases = (
				CBAC7C751BB202E600430342 /* Sources */,
				CBAC7C761BB202E600430342 /* Frameworks */,
				CBAC7C771BB202E600430342 /* Resources */,
			);
			buildRules = (
			);
			dependencies = (
				CBAC7C7B1BB202E600430342 /* PBXTargetDependency */,
			);
			name = LZtableview02Tests;
			productName = LZtableview02Tests;
			productReference = CBAC7C791BB202E600430342 /* LZtableview02Tests.xctest */;
			productType = "com.apple.product-type.bundle.unit-test";
		};
/* End PBXNativeTarget section */

/* Begin PBXProject section */
		CBAC7C581BB202E600430342 /* Project object */ = {
			isa = PBXProject;
			attributes = {
				LastUpgradeCheck = 0630;
				ORGANIZATIONNAME = com.comst1314;
				TargetAttributes = {
					CBAC7C5F1BB202E600430342 = {
						CreatedOnToolsVersion = 6.3.2;
					};
					CBAC7C781BB202E600430342 = {
						CreatedOnToolsVersion = 6.3.2;
						TestTargetID = CBAC7C5F1BB202E600430342;
					};
				};
			};
			buildConfigurationList = CBAC7C5B1BB202E600430342 /* Build configuration list for PBXProject "LZtableview02" */;
			compatibilityVersion = "Xcode 3.2";
			developmentRegion = English;
			hasScannedForEncodings = 0;
			knownRegions = (
				en,
				Base,
			);
			mainGroup = CBAC7C571BB202E600430342;
			productRefGroup = CBAC7C611BB202E600430342 /* Products */;
			projectDirPath = "";
			projectRoot = "";
			targets = (
				CBAC7C5F1BB202E600430342 /* LZtableview02 */,
				CBAC7C781BB202E600430342 /* LZtableview02Tests */,
			);
		};
/* End PBXProject section */

/* Begin PBXResourcesBuildPhase section */
		CBAC7C5E1BB202E600430342 /* Resources */ = {
			isa = PBXResourcesBuildPhase;
			buildActionMask = 2147483647;
			files = (
				CBAC7C6F1BB202E600430342 /* Main.storyboard in Resources */,
				CB9482461BB2A6C10038FD23 /* jobs.png in Resources */,
				CB9482401BB2A6C10038FD23 /* cheng.png in Resources */,
				CB9482441BB2A6C10038FD23 /* headImage4.png in Resources */,
				CB9482491BB2A6C10038FD23 /* zhen.png in Resources */,
				CB9482471BB2A6C10038FD23 /* li.png in Resources */,
				CB9482481BB2A6C10038FD23 /* zhao.png in Resources */,
				CBAC7C741BB202E600430342 /* LaunchScreen.xib in Resources */,
				CB9482411BB2A6C10038FD23 /* headImage1.png in Resources */,
				CB9482421BB2A6C10038FD23 /* headImage2.png in Resources */,
				CBAC7C711BB202E600430342 /* Images.xcassets in Resources */,
				CB9482451BB2A6C10038FD23 /* headImage5.png in Resources */,
				CB9482431BB2A6C10038FD23 /* headImage3.png in Resources */,
			);
			runOnlyForDeploymentPostprocessing = 0;
		};
		CBAC7C771BB202E600430342 /* Resources */ = {
			isa = PBXResourcesBuildPhase;
			buildActionMask = 2147483647;
			files = (
			);
			runOnlyForDeploymentPostprocessing = 0;
		};
/* End PBXResourcesBuildPhase section */

/* Begin PBXSourcesBuildPhase section */
		CBAC7C5C1BB202E600430342 /* Sources */ = {
			isa = PBXSourcesBuildPhase;
			buildActionMask = 2147483647;
			files = (
				CBAC7C8E1BB2079600430342 /* LZMessage.m in Sources */,
				CBAC7C8B1BB2060100430342 /* LZUserAccount.m in Sources */,
				CBAC7C6C1BB202E600430342 /* ViewController.m in Sources */,
				CB94824C1BB2B51A0038FD23 /* LZMessageCell.m in Sources */,
				CBAC7C691BB202E600430342 /* AppDelegate.m in Sources */,
				CBAC7C661BB202E600430342 /* main.m in Sources */,
			);
			runOnlyForDeploymentPostprocessing = 0;
		};
		CBAC7C751BB202E600430342 /* Sources */ = {
			isa = PBXSourcesBuildPhase;
			buildActionMask = 2147483647;
			files = (
				CBAC7C801BB202E600430342 /* LZtableview02Tests.m in Sources */,
			);
			runOnlyForDeploymentPostprocessing = 0;
		};
/* End PBXSourcesBuildPhase section */

/* Begin PBXTargetDependency section */
		CBAC7C7B1BB202E600430342 /* PBXTargetDependency */ = {
			isa = PBXTargetDependency;
			target = CBAC7C5F1BB202E600430342 /* LZtableview02 */;
			targetProxy = CBAC7C7A1BB202E600430342 /* PBXContainerItemProxy */;
		};
/* End PBXTargetDependency section */

/* Begin PBXVariantGroup section */
		CBAC7C6D1BB202E600430342 /* Main.storyboard */ = {
			isa = PBXVariantGroup;
			children = (
				CBAC7C6E1BB202E600430342 /* Base */,
			);
			name = Main.storyboard;
			sourceTree = "<group>";
		};
		CBAC7C721BB202E600430342 /* LaunchScreen.xib */ = {
			isa = PBXVariantGroup;
			children = (
				CBAC7C731BB202E600430342 /* Base */,
			);
			name = LaunchScreen.xib;
			sourceTree = "<group>";
		};
/* End PBXVariantGroup section */

/* Begin XCBuildConfiguration section */
		CBAC7C811BB202E600430342 /* Debug */ = {
			isa = XCBuildConfiguration;
			buildSettings = {
				ALWAYS_SEARCH_USER_PATHS = NO;
				CLANG_CXX_LANGUAGE_STANDARD = "gnu++0x";
				CLANG_CXX_LIBRARY = "libc++";
				CLANG_ENABLE_MODULES = YES;
				CLANG_ENABLE_OBJC_ARC = YES;
				CLANG_WARN_BOOL_CONVERSION = YES;
				CLANG_WARN_CONSTANT_CONVERSION = YES;
				CLANG_WARN_DIRECT_OBJC_ISA_USAGE = YES_ERROR;
				CLANG_WARN_EMPTY_BODY = YES;
				CLANG_WARN_ENUM_CONVERSION = YES;
				CLANG_WARN_INT_CONVERSION = YES;
				CLANG_WARN_OBJC_ROOT_CLASS = YES_ERROR;
				CLANG_WARN_UNREACHABLE_CODE = YES;
				CLANG_WARN__DUPLICATE_METHOD_MATCH = YES;
				"CODE_SIGN_IDENTITY[sdk=iphoneos*]" = "iPhone Developer";
				COPY_PHASE_STRIP = NO;
				DEBUG_INFORMATION_FORMAT = "dwarf-with-dsym";
				ENABLE_STRICT_OBJC_MSGSEND = YES;
				GCC_C_LANGUAGE_STANDARD = gnu99;
				GCC_DYNAMIC_NO_PIC = NO;
				GCC_NO_COMMON_BLOCKS = YES;
				GCC_OPTIMIZATION_LEVEL = 0;
				GCC_PREPROCESSOR_DEFINITIONS = (
					"DEBUG=1",
					"$(inherited)",
				);
				GCC_SYMBOLS_PRIVATE_EXTERN = NO;
				GCC_WARN_64_TO_32_BIT_CONVERSION = YES;
				GCC_WARN_ABOUT_RETURN_TYPE = YES_ERROR;
				GCC_WARN_UNDECLARED_SELECTOR = YES;
				GCC_WARN_UNINITIALIZED_AUTOS = YES_AGGRESSIVE;
				GCC_WARN_UNUSED_FUNCTION = YES;
				GCC_WARN_UNUSED_VARIABLE = YES;
				IPHONEOS_DEPLOYMENT_TARGET = 8.3;
				MTL_ENABLE_DEBUG_INFO = YES;
				ONLY_ACTIVE_ARCH = YES;
				SDKROOT = iphoneos;
			};
			name = Debug;
		};
		CBAC7C821BB202E600430342 /* Release */ = {
			isa = XCBuildConfiguration;
			buildSettings = {
				ALWAYS_SEARCH_USER_PATHS = NO;
				CLANG_CXX_LANGUAGE_STANDARD = "gnu++0x";
				CLANG_CXX_LIBRARY = "libc++";
				CLANG_ENABLE_MODULES = YES;
				CLANG_ENABLE_OBJC_ARC = YES;
				CLANG_WARN_BOOL_CONVERSION = YES;
				CLANG_WARN_CONSTANT_CONVERSION = YES;
				CLANG_WARN_DIRECT_OBJC_ISA_USAGE = YES_ERROR;
				CLANG_WARN_EMPTY_BODY = YES;
				CLANG_WARN_ENUM_CONVERSION = YES;
				CLANG_WARN_INT_CONVERSION = YES;
				CLANG_WARN_OBJC_ROOT_CLASS = YES_ERROR;
				CLANG_WARN_UNREACHABLE_CODE = YES;
				CLANG_WARN__DUPLICATE_METHOD_MATCH = YES;
				"CODE_SIGN_IDENTITY[sdk=iphoneos*]" = "iPhone Developer";
				COPY_PHASE_STRIP = NO;
				DEBUG_INFORMATION_FORMAT = "dwarf-with-dsym";
				ENABLE_NS_ASSERTIONS = NO;
				ENABLE_STRICT_OBJC_MSGSEND = YES;
				GCC_C_LANGUAGE_STANDARD = gnu99;
				GCC_NO_COMMON_BLOCKS = YES;
				GCC_WARN_64_TO_32_BIT_CONVERSION = YES;
				GCC_WARN_ABOUT_RETURN_TYPE = YES_ERROR;
				GCC_WARN_UNDECLARED_SELECTOR = YES;
				GCC_WARN_UNINITIALIZED_AUTOS = YES_AGGRESSIVE;
				GCC_WARN_UNUSED_FUNCTION = YES;
				GCC_WARN_UNUSED_VARIABLE = YES;
				IPHONEOS_DEPLOYMENT_TARGET = 8.3;
				MTL_ENABLE_DEBUG_INFO = NO;
				SDKROOT = iphoneos;
				VALIDATE_PRODUCT = YES;
			};
			name = Release;
		};
		CBAC7C841BB202E600430342 /* Debug */ = {
			isa = XCBuildConfiguration;
			buildSettings = {
				ASSETCATALOG_COMPILER_APPICON_NAME = AppIcon;
				FRAMEWORK_SEARCH_PATHS = (
					"$(inherited)",
					"$(PROJECT_DIR)",
				);
				INFOPLIST_FILE = LZtableview02/Info.plist;
				LD_RUNPATH_SEARCH_PATHS = "$(inherited) @executable_path/Frameworks";
				"OTHER_LDFLAGS[arch=*]" = (
					"-ObjC",
					"-lz",
					"-framework",
					Reveal,
				);
				PRODUCT_NAME = "$(TARGET_NAME)";
			};
			name = Debug;
		};
		CBAC7C851BB202E600430342 /* Release */ = {
			isa = XCBuildConfiguration;
			buildSettings = {
				ASSETCATALOG_COMPILER_APPICON_NAME = AppIcon;
				FRAMEWORK_SEARCH_PATHS = (
					"$(inherited)",
					"$(PROJECT_DIR)",
				);
				INFOPLIST_FILE = LZtableview02/Info.plist;
				LD_RUNPATH_SEARCH_PATHS = "$(inherited) @executable_path/Frameworks";
				PRODUCT_NAME = "$(TARGET_NAME)";
			};
			name = Release;
		};
		CBAC7C871BB202E600430342 /* Debug */ = {
			isa = XCBuildConfiguration;
			buildSettings = {
				BUNDLE_LOADER = "$(TEST_HOST)";
				FRAMEWORK_SEARCH_PATHS = (
					"$(SDKROOT)/Developer/Library/Frameworks",
					"$(inherited)",
				);
				GCC_PREPROCESSOR_DEFINITIONS = (
					"DEBUG=1",
					"$(inherited)",
				);
				INFOPLIST_FILE = LZtableview02Tests/Info.plist;
				LD_RUNPATH_SEARCH_PATHS = "$(inherited) @executable_path/Frameworks @loader_path/Frameworks";
				PRODUCT_NAME = "$(TARGET_NAME)";
				TEST_HOST = "$(BUILT_PRODUCTS_DIR)/LZtableview02.app/LZtableview02";
			};
			name = Debug;
		};
		CBAC7C881BB202E600430342 /* Release */ = {
			isa = XCBuildConfiguration;
			buildSettings = {
				BUNDLE_LOADER = "$(TEST_HOST)";
				FRAMEWORK_SEARCH_PATHS = (
					"$(SDKROOT)/Developer/Library/Frameworks",
					"$(inherited)",
				);
				INFOPLIST_FILE = LZtableview02Tests/Info.plist;
				LD_RUNPATH_SEARCH_PATHS = "$(inherited) @executable_path/Frameworks @loader_path/Frameworks";
				PRODUCT_NAME = "$(TARGET_NAME)";
				TEST_HOST = "$(BUILT_PRODUCTS_DIR)/LZtableview02.app/LZtableview02";
			};
			name = Release;
		};
/* End XCBuildConfiguration section */

/* Begin XCConfigurationList section */
		CBAC7C5B1BB202E600430342 /* Build configuration list for PBXProject "LZtableview02" */ = {
			isa = XCConfigurationList;
			buildConfigurations = (
				CBAC7C811BB202E600430342 /* Debug */,
				CBAC7C821BB202E600430342 /* Release */,
			);
			defaultConfigurationIsVisible = 0;
			defaultConfigurationName = Release;
		};
		CBAC7C831BB202E600430342 /* Build configuration list for PBXNativeTarget "LZtableview02" */ = {
			isa = XCConfigurationList;
			buildConfigurations = (
				CBAC7C841BB202E600430342 /* Debug */,
				CBAC7C851BB202E600430342 /* Release */,
			);
			defaultConfigurationIsVisible = 0;
			defaultConfigurationName = Release;
		};
		CBAC7C861BB202E600430342 /* Build configuration list for PBXNativeTarget "LZtableview02Tests" */ = {
			isa = XCConfigurationList;
			buildConfigurations = (
				CBAC7C871BB202E600430342 /* Debug */,
				CBAC7C881BB202E600430342 /* Release */,
			);
			defaultConfigurationIsVisible = 0;
			defaultConfigurationName = Release;
		};
/* End XCConfigurationList section */
	};
	rootObject = CBAC7C581BB202E600430342 /* Project object */;
}
